
Microsoft Visual Studio Solution File, Format Version 12.00
# Visual Studio 14
VisualStudioVersion = 14.0.25420.1
MinimumVisualStudioVersion = 10.0.40219.1
Project("{FAE04EC0-301F-11D3-BF4B-00C04F79EFBC}") = "AnketV2", "AnketV2\AnketV2.csproj", "{39AC7893-D1FB-4E5C-A0AD-23440EA73550}"
EndProject
Project("{FAE04EC0-301F-11D3-BF4B-00C04F79EFBC}") = "DAL", "DAL\DAL.csproj", "{2255BE2C-BAB7-4469-A760-121C9D73480B}"
EndProject
Project("{FAE04EC0-301F-11D3-BF4B-00C04F79EFBC}") = "Entity", "Entity\Entity.csproj", "{434C08F9-F87D-44CB-8A6E-F5A16CD99357}"
EndProject
Global
	GlobalSection(SolutionConfigurationPlatforms) = preSolution
		Debug|Any CPU = Debug|Any CPU
		Release|Any CPU = Release|Any CPU
	EndGlobalSection
	GlobalSection(ProjectConfigurationPlatforms) = postSolution
		{39AC7893-D1FB-4E5C-A0AD-23440EA73550}.Debug|Any CPU.ActiveCfg = Debug|Any CPU
		{39AC7893-D1FB-4E5C-A0AD-23440EA73550}.Debug|Any CPU.Build.0 = Debug|Any CPU
		{39AC7893-D1FB-4E5C-A0AD-23440EA73550}.Release|Any CPU.ActiveCfg = Release|Any CPU
		{39AC7893-D1FB-4E5C-A0AD-23440EA73550}.Release|Any CPU.Build.0 = Release|Any CPU
		{2255BE2C-BAB7-4469-A760-121C9D73480B}.Debug|Any CPU.ActiveCfg = Debug|Any CPU
		{2255BE2C-BAB7-4469-A760-121C9D73480B}.Debug|Any CPU.Build.0 = Debug|Any CPU
		{2255BE2C-BAB7-4469-A760-121C9D73480B}.Release|Any CPU.ActiveCfg = Release|Any CPU
		{2255BE2C-BAB7-4469-A760-121C9D73480B}.Release|Any CPU.Build.0 = Release|Any CPU
		{434C08F9-F87D-44CB-8A6E-F5A16CD99357}.Debug|Any CPU.ActiveCfg = Debug|Any CPU
		{434C08F9-F87D-44CB-8A6E-F5A16CD99357}.Debug|Any CPU.Build.0 = Debug|Any CPU
		{434C08F9-F87D-44CB-8A6E-F5A16CD99357}.Release|Any CPU.ActiveCfg = Release|Any CPU
		{434C08F9-F87D-44CB-8A6E-F5A16CD99357}.Release|Any CPU.Build.0 = Release|Any CPU
	EndGlobalSection
	GlobalSection(SolutionProperties) = preSolution
		HideSolutionNode = FALSE
	EndGlobalSection
EndGlobal
